# THIS IS AN AUTOGENERATED FILE. DO NOT EDIT THIS FILE DIRECTLY.
# yarn lockfile v1


bootstrap-icons@^1.9.0:
  version "1.9.0"
  resolved "https://registry.yarnpkg.com/bootstrap-icons/-/bootstrap-icons-1.9.0.tgz#e0ac54e931f674b3268e3921e53c34aeae7ac224"
  integrity sha512-4S077UbfqHtNOIKc43SDR+EL43zfo7ou8jI5+JRQqGZuq5UOK6iX6FtFNOQ/WjeWJ09CZ0/kSceh+WWPzfMfVQ==

bootstrap@^5.0.1:
  version "5.0.1"
  resolved "https://registry.yarnpkg.com/bootstrap/-/bootstrap-5.0.1.tgz#e7939d599119dc818a90478a2a299bdaff037e09"
  integrity sha512-Fl79+wsLOZKoiU345KeEaWD0ik8WKRI5zm0YSPj2oF1Qr+BO7z0fco6GbUtqjoG1h4VI89PeKJnMsMMVQdKKTw==
