# THIS IS AN AUTOGENERATED FILE. DO NOT EDIT THIS FILE DIRECTLY.
# yarn lockfile v1


bootstrap-icons@^1.7.0:
  version "1.7.0"
  resolved "https://registry.yarnpkg.com/bootstrap-icons/-/bootstrap-icons-1.7.0.tgz#856afbfe35287a71638d9a1b96f67faf72bbb1b6"
  integrity sha512-x2ORQ3lv1QdSnIzzQdU8mf83fbCq4FIaUinrAWw+a/d186vO3Ph7qUfqzvQDBA41AD6IoxdRHD6zUt9IXC1J6A==

bootstrap@^5.0.1:
  version "5.0.1"
  resolved "https://registry.yarnpkg.com/bootstrap/-/bootstrap-5.0.1.tgz#e7939d599119dc818a90478a2a299bdaff037e09"
  integrity sha512-Fl79+wsLOZKoiU345KeEaWD0ik8WKRI5zm0YSPj2oF1Qr+BO7z0fco6GbUtqjoG1h4VI89PeKJnMsMMVQdKKTw==
